
Microsoft Visual Studio Solution File, Format Version 12.00
# Visual Studio 15
Project("{FAE04EC0-301F-11D3-BF4B-00C04F79EFBC}") = "NALIM", "Assembly-CSharp.csproj", "{EC88457B-BA58-46C0-2BCE-073AAF473F1C}"
EndProject
Project("{FAE04EC0-301F-11D3-BF4B-00C04F79EFBC}") = "NALIM", "Assembly-CSharp-Editor.csproj", "{99E0800E-02D5-2150-60E0-7D771A31837C}"
EndProject
Global
	GlobalSection(SolutionConfigurationPlatforms) = preSolution
		Debug|Any CPU = Debug|Any CPU
		Release|Any CPU = Release|Any CPU
	EndGlobalSection
	GlobalSection(ProjectConfigurationPlatforms) = postSolution
		{EC88457B-BA58-46C0-2BCE-073AAF473F1C}.Debug|Any CPU.ActiveCfg = Debug|Any CPU
		{EC88457B-BA58-46C0-2BCE-073AAF473F1C}.Debug|Any CPU.Build.0 = Debug|Any CPU
		{EC88457B-BA58-46C0-2BCE-073AAF473F1C}.Release|Any CPU.ActiveCfg = Release|Any CPU
		{EC88457B-BA58-46C0-2BCE-073AAF473F1C}.Release|Any CPU.Build.0 = Release|Any CPU
		{99E0800E-02D5-2150-60E0-7D771A31837C}.Debug|Any CPU.ActiveCfg = Debug|Any CPU
		{99E0800E-02D5-2150-60E0-7D771A31837C}.Debug|Any CPU.Build.0 = Debug|Any CPU
		{99E0800E-02D5-2150-60E0-7D771A31837C}.Release|Any CPU.ActiveCfg = Release|Any CPU
		{99E0800E-02D5-2150-60E0-7D771A31837C}.Release|Any CPU.Build.0 = Release|Any CPU
	EndGlobalSection
	GlobalSection(SolutionProperties) = preSolution
		HideSolutionNode = FALSE
	EndGlobalSection
EndGlobal
